Microsoft Visual Studio Solution File, Format Version 12.00
# Visual Studio Version 17
VisualStudioVersion = 17.5.2.0
MinimumVisualStudioVersion = 10.0.40219.1
Project("{FAE04EC0-301F-11D3-BF4B-00C04F79EFBC}") = "WindowsClockOverlay", "WindowsClockOverlay\WindowsClockOverlay.csproj", "{7E32CE6C-3880-6E53-AF4D-ECA29D3D2252}"
EndProject
Global
	GlobalSection(SolutionConfigurationPlatforms) = preSolution
		Debug|Any CPU = Debug|Any CPU
		Release|Any CPU = Release|Any CPU
	EndGlobalSection
	GlobalSection(ProjectConfigurationPlatforms) = postSolution
		{7E32CE6C-3880-6E53-AF4D-ECA29D3D2252}.Debug|Any CPU.ActiveCfg = Debug|Any CPU
		{7E32CE6C-3880-6E53-AF4D-ECA29D3D2252}.Debug|Any CPU.Build.0 = Debug|Any CPU
		{7E32CE6C-3880-6E53-AF4D-ECA29D3D2252}.Release|Any CPU.ActiveCfg = Release|Any CPU
		{7E32CE6C-3880-6E53-AF4D-ECA29D3D2252}.Release|Any CPU.Build.0 = Release|Any CPU
	EndGlobalSection
	GlobalSection(SolutionProperties) = preSolution
		HideSolutionNode = FALSE
	EndGlobalSection
	GlobalSection(ExtensibilityGlobals) = postSolution
		SolutionGuid = {80B264FD-F09E-408D-AD7A-0F0D18AFED97}
	EndGlobalSection
EndGlobal
